
Microsoft Visual Studio Solution File, Format Version 12.00
# Visual Studio Version 17
VisualStudioVersion = 17.2.32616.157
MinimumVisualStudioVersion = 10.0.40219.1
Project("{FAE04EC0-301F-11D3-BF4B-00C04F79EFBC}") = "DJT.Net.Http", "DJT.Net.Http\DJT.Net.Http.csproj", "{2EEF05A6-4733-4A2F-9D48-ADD21455D6B5}"
EndProject
Global
	GlobalSection(SolutionConfigurationPlatforms) = preSolution
		Debug|Any CPU = Debug|Any CPU
		Release|Any CPU = Release|Any CPU
	EndGlobalSection
	GlobalSection(ProjectConfigurationPlatforms) = postSolution
		{2EEF05A6-4733-4A2F-9D48-ADD21455D6B5}.Debug|Any CPU.ActiveCfg = Debug|Any CPU
		{2EEF05A6-4733-4A2F-9D48-ADD21455D6B5}.Debug|Any CPU.Build.0 = Debug|Any CPU
		{2EEF05A6-4733-4A2F-9D48-ADD21455D6B5}.Release|Any CPU.ActiveCfg = Release|Any CPU
		{2EEF05A6-4733-4A2F-9D48-ADD21455D6B5}.Release|Any CPU.Build.0 = Release|Any CPU
	EndGlobalSection
	GlobalSection(SolutionProperties) = preSolution
		HideSolutionNode = FALSE
	EndGlobalSection
	GlobalSection(ExtensibilityGlobals) = postSolution
		SolutionGuid = {89137253-D274-4EF5-8626-F0B77A50E15C}
	EndGlobalSection
EndGlobal
